<?xml version="1.0" encoding="utf-8"?>
<Project xmlns="http://schemas.microsoft.com/developer/msbuild/2003">
  <ItemGroup>
    <Filter Include="Generated Files">
      <UniqueIdentifier>{71ED8ED8-ACB9-4CE9-BBE1-E00B30144E11}</UniqueIdentifier>
      <Extensions>cpp;c;cxx;moc;h;def;odl;idl;res;</Extensions>
    </Filter>
    <Filter Include="Generated Files">
      <UniqueIdentifier>{71ED8ED8-ACB9-4CE9-BBE1-E00B30144E11}</UniqueIdentifier>
      <Extensions>cpp;c;cxx;moc;h;def;odl;idl;res;</Extensions>
    </Filter>
    <Filter Include="Resource Files">
      <UniqueIdentifier>{D9D6E242-F8AF-46E4-B9FD-80ECBC20BA3E}</UniqueIdentifier>
      <Extensions>qrc;*</Extensions>
      <ParseFiles>false</ParseFiles>
    </Filter>
    <Filter Include="Resource Files">
      <UniqueIdentifier>{D9D6E242-F8AF-46E4-B9FD-80ECBC20BA3E}</UniqueIdentifier>
      <Extensions>qrc;*</Extensions>
      <ParseFiles>false</ParseFiles>
    </Filter>
    <Filter Include="Source Files">
      <UniqueIdentifier>{4FC737F1-C7A5-4376-A066-2A32D752A2FF}</UniqueIdentifier>
      <Extensions>cpp;c;cxx;def;odl;idl;hpj;bat;asm;asmx</Extensions>
    </Filter>
    <Filter Include="Source Files">
      <UniqueIdentifier>{4FC737F1-C7A5-4376-A066-2A32D752A2FF}</UniqueIdentifier>
      <Extensions>cpp;c;cxx;def;odl;idl;hpj;bat;asm;asmx</Extensions>
    </Filter>
  </ItemGroup>
  <ItemGroup>
    <ClCompile Include="main.cpp">
      <Filter>Source Files</Filter>
    </ClCompile>
    <ClCompile Include="PianoUI.cpp">
      <Filter>Generated Files</Filter>
    </ClCompile>
    <ClCompile Include="RtAudio\Envelope.cpp">
      <Filter>Generated Files</Filter>
    </ClCompile>
    <ClCompile Include="RtAudio\Noise.cpp">
      <Filter>Generated Files</Filter>
    </ClCompile>
    <ClCompile Include="RtAudio\RtAudio.cpp">
      <Filter>Generated Files</Filter>
    </ClCompile>
    <ClCompile Include="RtAudio\SineWave.cpp">
      <Filter>Generated Files</Filter>
    </ClCompile>
    <ClCompile Include="RtAudio\Stk.cpp">
      <Filter>Generated Files</Filter>
    </ClCompile>
    <ClCompile Include="SinusWave.h">
      <Filter>Generated Files</Filter>
    </ClCompile>
    <ClCompile Include="SpeedTest.cpp">
      <Filter>Generated Files</Filter>
    </ClCompile>
    <ClCompile Include="Recorder.cpp">
      <Filter>Generated Files</Filter>
    </ClCompile>
    <ClCompile Include="Track.cpp">
      <Filter>Generated Files</Filter>
    </ClCompile>
    <ClCompile Include="SoundsManager.h">
      <Filter>Header Files</Filter>
    </ClCompile>
  </ItemGroup>
  <ItemGroup>
    <CustomBuild Include="debug\moc_predefs.h.cbt">
      <Filter>Generated Files</Filter>
    </CustomBuild>
    <CustomBuild Include="release\moc_predefs.h.cbt">
      <Filter>Generated Files</Filter>
    </CustomBuild>
  </ItemGroup>
  <ItemGroup>
    <None Include="main.qml">
      <Filter>Resource Files</Filter>
    </None>
    <QtRcc Include="qml.qrc">
      <Filter>Resource Files</Filter>
    </QtRcc>
  </ItemGroup>
  <ItemGroup>
    <ClInclude Include="MusicUtility.h">
      <Filter>Generated Files</Filter>
    </ClInclude>
    <ClInclude Include="RtAudio\Envelope.h">
      <Filter>Generated Files</Filter>
    </ClInclude>
    <ClInclude Include="RtAudio\functiondiscoverykeys_devpkey.h">
      <Filter>Generated Files</Filter>
    </ClInclude>
    <ClInclude Include="RtAudio\Generator.h">
      <Filter>Generated Files</Filter>
    </ClInclude>
    <ClInclude Include="RtAudio\Noise.h">
      <Filter>Generated Files</Filter>
    </ClInclude>
    <ClInclude Include="RtAudio\RtAudio.h">
      <Filter>Generated Files</Filter>
    </ClInclude>
    <ClInclude Include="RtAudio\SineWave.h">
      <Filter>Generated Files</Filter>
    </ClInclude>
    <ClInclude Include="RtAudio\Stk.h">
      <Filter>Generated Files</Filter>
    </ClInclude>
    <ClInclude Include="SquareWave.h">
      <Filter>Generated Files</Filter>
    </ClInclude>
    <ClInclude Include="SpeedTest.h">
      <Filter>Generated Files</Filter>
    </ClInclude>
    <ClInclude Include="Recorder.h">
      <Filter>Generated Files</Filter>
    </ClInclude>
    <ClInclude Include="Track.h">
      <Filter>Generated Files</Filter>
    </ClInclude>
  </ItemGroup>
  <ItemGroup>
    <QtMoc Include="PianoUI.h">
      <Filter>Generated Files</Filter>
    </QtMoc>
  </ItemGroup>
  <ItemGroup>
    <QtUic Include="PianoUI.ui" />
  </ItemGroup>
</Project>